
Microsoft Visual Studio Solution File, Format Version 11.00
# Visual Studio 2010
Project("{FAE04EC0-301F-11D3-BF4B-00C04F79EFBC}") = "Shooter 2D Workshop", "Assembly-CSharp.csproj", "{6E6F2BF3-DE52-6254-0428-205491E45677}"
EndProject
Global
	GlobalSection(SolutionConfigurationPlatforms) = preSolution
		Debug|Any CPU = Debug|Any CPU
		Release|Any CPU = Release|Any CPU
	EndGlobalSection
	GlobalSection(ProjectConfigurationPlatforms) = postSolution
		{6E6F2BF3-DE52-6254-0428-205491E45677}.Debug|Any CPU.ActiveCfg = Debug|Any CPU
		{6E6F2BF3-DE52-6254-0428-205491E45677}.Debug|Any CPU.Build.0 = Debug|Any CPU
		{6E6F2BF3-DE52-6254-0428-205491E45677}.Release|Any CPU.ActiveCfg = Release|Any CPU
		{6E6F2BF3-DE52-6254-0428-205491E45677}.Release|Any CPU.Build.0 = Release|Any CPU
	EndGlobalSection
	GlobalSection(SolutionProperties) = preSolution
		HideSolutionNode = FALSE
	EndGlobalSection
	GlobalSection(MonoDevelopProperties) = preSolution
		StartupItem = Assembly-CSharp.csproj
	EndGlobalSection
EndGlobal
